
Microsoft Visual Studio Solution File, Format Version 12.00
# Visual Studio Version 16
VisualStudioVersion = 16.0.31205.134
MinimumVisualStudioVersion = 10.0.40219.1
Project("{FAE04EC0-301F-11D3-BF4B-00C04F79EFBC}") = "RestaurantApi", "RestaurantApi.csproj", "{4CCDC6FA-A6CD-4C25-B0E4-CC44E12F6667}"
EndProject
Global
	GlobalSection(SolutionConfigurationPlatforms) = preSolution
		Debug|Any CPU = Debug|Any CPU
		Release|Any CPU = Release|Any CPU
	EndGlobalSection
	GlobalSection(ProjectConfigurationPlatforms) = postSolution
		{4CCDC6FA-A6CD-4C25-B0E4-CC44E12F6667}.Debug|Any CPU.ActiveCfg = Debug|Any CPU
		{4CCDC6FA-A6CD-4C25-B0E4-CC44E12F6667}.Debug|Any CPU.Build.0 = Debug|Any CPU
		{4CCDC6FA-A6CD-4C25-B0E4-CC44E12F6667}.Release|Any CPU.ActiveCfg = Release|Any CPU
		{4CCDC6FA-A6CD-4C25-B0E4-CC44E12F6667}.Release|Any CPU.Build.0 = Release|Any CPU
	EndGlobalSection
	GlobalSection(SolutionProperties) = preSolution
		HideSolutionNode = FALSE
	EndGlobalSection
	GlobalSection(ExtensibilityGlobals) = postSolution
		SolutionGuid = {B85B37C2-A292-4F61-8533-6F5D72FBE2F1}
	EndGlobalSection
EndGlobal
